
Microsoft Visual Studio Solution File, Format Version 12.00
# Visual Studio Version 16
VisualStudioVersion = 16.0.30128.74
MinimumVisualStudioVersion = 10.0.40219.1
Project("{8BC9CEB8-8B4A-11D0-8D11-00A0C91BC942}") = "Lab15_VarArrayTest", "Lab15_VarArrayTest\Lab15_VarArrayTest.vcxproj", "{1CAFF8D3-7313-4EE8-8203-CD46327105CF}"
EndProject
Project("{8BC9CEB8-8B4A-11D0-8D11-00A0C91BC942}") = "Lab15_VarArrayClasses", "Lab15_VarArrayClasses\Lab15_VarArrayClasses.vcxproj", "{9799BCE8-CDBE-4709-BCD4-92C8B46D1A65}"
EndProject
Global
	GlobalSection(SolutionConfigurationPlatforms) = preSolution
		Debug|x64 = Debug|x64
		Debug|x86 = Debug|x86
		Release|x64 = Release|x64
		Release|x86 = Release|x86
	EndGlobalSection
	GlobalSection(ProjectConfigurationPlatforms) = postSolution
		{1CAFF8D3-7313-4EE8-8203-CD46327105CF}.Debug|x64.ActiveCfg = Debug|x64
		{1CAFF8D3-7313-4EE8-8203-CD46327105CF}.Debug|x64.Build.0 = Debug|x64
		{1CAFF8D3-7313-4EE8-8203-CD46327105CF}.Debug|x86.ActiveCfg = Debug|Win32
		{1CAFF8D3-7313-4EE8-8203-CD46327105CF}.Debug|x86.Build.0 = Debug|Win32
		{1CAFF8D3-7313-4EE8-8203-CD46327105CF}.Release|x64.ActiveCfg = Release|x64
		{1CAFF8D3-7313-4EE8-8203-CD46327105CF}.Release|x64.Build.0 = Release|x64
		{1CAFF8D3-7313-4EE8-8203-CD46327105CF}.Release|x86.ActiveCfg = Release|Win32
		{1CAFF8D3-7313-4EE8-8203-CD46327105CF}.Release|x86.Build.0 = Release|Win32
		{9799BCE8-CDBE-4709-BCD4-92C8B46D1A65}.Debug|x64.ActiveCfg = Debug|x64
		{9799BCE8-CDBE-4709-BCD4-92C8B46D1A65}.Debug|x64.Build.0 = Debug|x64
		{9799BCE8-CDBE-4709-BCD4-92C8B46D1A65}.Debug|x86.ActiveCfg = Debug|Win32
		{9799BCE8-CDBE-4709-BCD4-92C8B46D1A65}.Debug|x86.Build.0 = Debug|Win32
		{9799BCE8-CDBE-4709-BCD4-92C8B46D1A65}.Release|x64.ActiveCfg = Release|x64
		{9799BCE8-CDBE-4709-BCD4-92C8B46D1A65}.Release|x64.Build.0 = Release|x64
		{9799BCE8-CDBE-4709-BCD4-92C8B46D1A65}.Release|x86.ActiveCfg = Release|Win32
		{9799BCE8-CDBE-4709-BCD4-92C8B46D1A65}.Release|x86.Build.0 = Release|Win32
	EndGlobalSection
	GlobalSection(SolutionProperties) = preSolution
		HideSolutionNode = FALSE
	EndGlobalSection
	GlobalSection(ExtensibilityGlobals) = postSolution
		SolutionGuid = {E3158AF6-B347-45B7-B944-2CABA30E0064}
	EndGlobalSection
EndGlobal
